// !$*UTF8*$!
{
	archiveVersion = 1;
	classes = {
	};
	objectVersion = 46;
	objects = {

/* Begin PBXBuildFile section */
		BA22B3051C57A98B00F1058E /* AppDelegate.swift in Sources */ = {isa = PBXBuildFile; fileRef = BA22B3041C57A98B00F1058E /* AppDelegate.swift */; };
		BA22B30A1C57A98B00F1058E /* Main.storyboard in Resources */ = {isa = PBXBuildFile; fileRef = BA22B3081C57A98B00F1058E /* Main.storyboard */; };
		BA22B30C1C57A98B00F1058E /* Assets.xcassets in Resources */ = {isa = PBXBuildFile; fileRef = BA22B30B1C57A98B00F1058E /* Assets.xcassets */; };
		BA22B30F1C57A98B00F1058E /* LaunchScreen.storyboard in Resources */ = {isa = PBXBuildFile; fileRef = BA22B30D1C57A98B00F1058E /* LaunchScreen.storyboard */; };
		BA22B3171C57B04000F1058E /* FruitList.storyboard in Resources */ = {isa = PBXBuildFile; fileRef = BA22B3161C57B04000F1058E /* FruitList.storyboard */; };
		BA22B31A1C57CA6C00F1058E /* Watermelon.jpg in Resources */ = {isa = PBXBuildFile; fileRef = BA22B3191C57CA6B00F1058E /* Watermelon.jpg */; };
		BA22B31D1C57D01400F1058E /* Peach.jpg in Resources */ = {isa = PBXBuildFile; fileRef = BA22B31C1C57D01400F1058E /* Peach.jpg */; };
		BA22B31F1C57D06900F1058E /* FruitListTableViewController.swift in Sources */ = {isa = PBXBuildFile; fileRef = BA22B31E1C57D06900F1058E /* FruitListTableViewController.swift */; };
		BA22B3211C57D25200F1058E /* FruitTableViewCell.swift in Sources */ = {isa = PBXBuildFile; fileRef = BA22B3201C57D25200F1058E /* FruitTableViewCell.swift */; };
		BA22B3231C57D3E500F1058E /* Fruit.swift in Sources */ = {isa = PBXBuildFile; fileRef = BA22B3221C57D3E500F1058E /* Fruit.swift */; };
		BA32A7221C68EA99002AB4DB /* TreesCatalog.storyboard in Resources */ = {isa = PBXBuildFile; fileRef = BA32A7211C68EA99002AB4DB /* TreesCatalog.storyboard */; };
		BA32A7241C68ECB7002AB4DB /* TreesCatalogPageViewController.swift in Sources */ = {isa = PBXBuildFile; fileRef = BA32A7231C68ECB7002AB4DB /* TreesCatalogPageViewController.swift */; };
		BA32A7261C68F4E5002AB4DB /* TreesCatalogContentViewController.swift in Sources */ = {isa = PBXBuildFile; fileRef = BA32A7251C68F4E5002AB4DB /* TreesCatalogContentViewController.swift */; };
		BA32A72B1C68FB78002AB4DB /* ipe.jpg in Resources */ = {isa = PBXBuildFile; fileRef = BA32A7271C68FB78002AB4DB /* ipe.jpg */; };
		BA32A72C1C68FB78002AB4DB /* felicidade.jpg in Resources */ = {isa = PBXBuildFile; fileRef = BA32A7281C68FB78002AB4DB /* felicidade.jpg */; };
		BA32A72D1C68FB78002AB4DB /* pessego.jpg in Resources */ = {isa = PBXBuildFile; fileRef = BA32A7291C68FB78002AB4DB /* pessego.jpg */; };
		BA32A72E1C68FB78002AB4DB /* araucaria.jpg in Resources */ = {isa = PBXBuildFile; fileRef = BA32A72A1C68FB78002AB4DB /* araucaria.jpg */; };
		BAF003F91C6C973A00D121C8 /* BigAlertView.storyboard in Resources */ = {isa = PBXBuildFile; fileRef = BAF003F81C6C973A00D121C8 /* BigAlertView.storyboard */; };
/* End PBXBuildFile section */

/* Begin PBXFileReference section */
		BA22B3011C57A98A00F1058E /* iUI.app */ = {isa = PBXFileReference; explicitFileType = wrapper.application; includeInIndex = 0; path = iUI.app; sourceTree = BUILT_PRODUCTS_DIR; };
		BA22B3041C57A98B00F1058E /* AppDelegate.swift */ = {isa = PBXFileReference; lastKnownFileType = sourcecode.swift; path = AppDelegate.swift; sourceTree = "<group>"; };
		BA22B3091C57A98B00F1058E /* Base */ = {isa = PBXFileReference; lastKnownFileType = file.storyboard; name = Base; path = Base.lproj/Main.storyboard; sourceTree = "<group>"; };
		BA22B30B1C57A98B00F1058E /* Assets.xcassets */ = {isa = PBXFileReference; lastKnownFileType = folder.assetcatalog; path = Assets.xcassets; sourceTree = "<group>"; };
		BA22B30E1C57A98B00F1058E /* Base */ = {isa = PBXFileReference; lastKnownFileType = file.storyboard; name = Base; path = Base.lproj/LaunchScreen.storyboard; sourceTree = "<group>"; };
		BA22B3101C57A98B00F1058E /* Info.plist */ = {isa = PBXFileReference; lastKnownFileType = text.plist.xml; path = Info.plist; sourceTree = "<group>"; };
		BA22B3161C57B04000F1058E /* FruitList.storyboard */ = {isa = PBXFileReference; fileEncoding = 4; lastKnownFileType = file.storyboard; path = FruitList.storyboard; sourceTree = "<group>"; };
		BA22B3191C57CA6B00F1058E /* Watermelon.jpg */ = {isa = PBXFileReference; lastKnownFileType = image.jpeg; path = Watermelon.jpg; sourceTree = "<group>"; };
		BA22B31C1C57D01400F1058E /* Peach.jpg */ = {isa = PBXFileReference; lastKnownFileType = image.jpeg; path = Peach.jpg; sourceTree = "<group>"; };
		BA22B31E1C57D06900F1058E /* FruitListTableViewController.swift */ = {isa = PBXFileReference; fileEncoding = 4; lastKnownFileType = sourcecode.swift; path = FruitListTableViewController.swift; sourceTree = "<group>"; };
		BA22B3201C57D25200F1058E /* FruitTableViewCell.swift */ = {isa = PBXFileReference; fileEncoding = 4; lastKnownFileType = sourcecode.swift; path = FruitTableViewCell.swift; sourceTree = "<group>"; };
		BA22B3221C57D3E500F1058E /* Fruit.swift */ = {isa = PBXFileReference; fileEncoding = 4; lastKnownFileType = sourcecode.swift; path = Fruit.swift; sourceTree = "<group>"; };
		BA32A7211C68EA99002AB4DB /* TreesCatalog.storyboard */ = {isa = PBXFileReference; fileEncoding = 4; lastKnownFileType = file.storyboard; path = TreesCatalog.storyboard; sourceTree = "<group>"; };
		BA32A7231C68ECB7002AB4DB /* TreesCatalogPageViewController.swift */ = {isa = PBXFileReference; fileEncoding = 4; lastKnownFileType = sourcecode.swift; path = TreesCatalogPageViewController.swift; sourceTree = "<group>"; };
		BA32A7251C68F4E5002AB4DB /* TreesCatalogContentViewController.swift */ = {isa = PBXFileReference; fileEncoding = 4; lastKnownFileType = sourcecode.swift; path = TreesCatalogContentViewController.swift; sourceTree = "<group>"; };
		BA32A7271C68FB78002AB4DB /* ipe.jpg */ = {isa = PBXFileReference; lastKnownFileType = image.jpeg; path = ipe.jpg; sourceTree = "<group>"; };
		BA32A7281C68FB78002AB4DB /* felicidade.jpg */ = {isa = PBXFileReference; lastKnownFileType = image.jpeg; path = felicidade.jpg; sourceTree = "<group>"; };
		BA32A7291C68FB78002AB4DB /* pessego.jpg */ = {isa = PBXFileReference; lastKnownFileType = image.jpeg; path = pessego.jpg; sourceTree = "<group>"; };
		BA32A72A1C68FB78002AB4DB /* araucaria.jpg */ = {isa = PBXFileReference; lastKnownFileType = image.jpeg; path = araucaria.jpg; sourceTree = "<group>"; };
		BAF003F81C6C973A00D121C8 /* BigAlertView.storyboard */ = {isa = PBXFileReference; fileEncoding = 4; lastKnownFileType = file.storyboard; path = BigAlertView.storyboard; sourceTree = "<group>"; };
/* End PBXFileReference section */

/* Begin PBXFrameworksBuildPhase section */
		BA22B2FE1C57A98A00F1058E /* Frameworks */ = {
			isa = PBXFrameworksBuildPhase;
			buildActionMask = 2147483647;
			files = (
			);
			runOnlyForDeploymentPostprocessing = 0;
		};
/* End PBXFrameworksBuildPhase section */

/* Begin PBXGroup section */
		BA22B2F81C57A98A00F1058E = {
			isa = PBXGroup;
			children = (
				BA22B3031C57A98B00F1058E /* iUI */,
				BA22B3021C57A98A00F1058E /* Products */,
			);
			sourceTree = "<group>";
		};
		BA22B3021C57A98A00F1058E /* Products */ = {
			isa = PBXGroup;
			children = (
				BA22B3011C57A98A00F1058E /* iUI.app */,
			);
			name = Products;
			sourceTree = "<group>";
		};
		BA22B3031C57A98B00F1058E /* iUI */ = {
			isa = PBXGroup;
			children = (
				BA32A7201C68EA7F002AB4DB /* Trees Catalog */,
				BA22B3181C57B04D00F1058E /* Fruit List */,
				BAF003F71C6C971100D121C8 /* BigAlertView */,
				BA22B3081C57A98B00F1058E /* Main.storyboard */,
				BA32A71F1C68EA70002AB4DB /* Support Files */,
			);
			path = iUI;
			sourceTree = "<group>";
		};
		BA22B3181C57B04D00F1058E /* Fruit List */ = {
			isa = PBXGroup;
			children = (
				BA22B31B1C57CA6F00F1058E /* Fruit Images */,
				BA22B3161C57B04000F1058E /* FruitList.storyboard */,
				BA22B31E1C57D06900F1058E /* FruitListTableViewController.swift */,
				BA22B3201C57D25200F1058E /* FruitTableViewCell.swift */,
				BA22B3221C57D3E500F1058E /* Fruit.swift */,
			);
			name = "Fruit List";
			sourceTree = "<group>";
		};
		BA22B31B1C57CA6F00F1058E /* Fruit Images */ = {
			isa = PBXGroup;
			children = (
				BA22B31C1C57D01400F1058E /* Peach.jpg */,
				BA22B3191C57CA6B00F1058E /* Watermelon.jpg */,
			);
			name = "Fruit Images";
			sourceTree = "<group>";
		};
		BA32A71F1C68EA70002AB4DB /* Support Files */ = {
			isa = PBXGroup;
			children = (
				BA22B30D1C57A98B00F1058E /* LaunchScreen.storyboard */,
				BA22B30B1C57A98B00F1058E /* Assets.xcassets */,
				BA22B3041C57A98B00F1058E /* AppDelegate.swift */,
				BA22B3101C57A98B00F1058E /* Info.plist */,
			);
			name = "Support Files";
			sourceTree = "<group>";
		};
		BA32A7201C68EA7F002AB4DB /* Trees Catalog */ = {
			isa = PBXGroup;
			children = (
				BA32A72F1C68FB7B002AB4DB /* Trees Images */,
				BA32A7211C68EA99002AB4DB /* TreesCatalog.storyboard */,
				BA32A7231C68ECB7002AB4DB /* TreesCatalogPageViewController.swift */,
				BA32A7251C68F4E5002AB4DB /* TreesCatalogContentViewController.swift */,
			);
			name = "Trees Catalog";
			sourceTree = "<group>";
		};
		BA32A72F1C68FB7B002AB4DB /* Trees Images */ = {
			isa = PBXGroup;
			children = (
				BA32A7271C68FB78002AB4DB /* ipe.jpg */,
				BA32A7281C68FB78002AB4DB /* felicidade.jpg */,
				BA32A7291C68FB78002AB4DB /* pessego.jpg */,
				BA32A72A1C68FB78002AB4DB /* araucaria.jpg */,
			);
			name = "Trees Images";
			sourceTree = "<group>";
		};
		BAF003F71C6C971100D121C8 /* BigAlertView */ = {
			isa = PBXGroup;
			children = (
				BAF003F81C6C973A00D121C8 /* BigAlertView.storyboard */,
			);
			name = BigAlertView;
			sourceTree = "<group>";
		};
/* End PBXGroup section */

/* Begin PBXNativeTarget section */
		BA22B3001C57A98A00F1058E /* iUI */ = {
			isa = PBXNativeTarget;
			buildConfigurationList = BA22B3131C57A98B00F1058E /* Build configuration list for PBXNativeTarget "iUI" */;
			buildPhases = (
				BA22B2FD1C57A98A00F1058E /* Sources */,
				BA22B2FE1C57A98A00F1058E /* Frameworks */,
				BA22B2FF1C57A98A00F1058E /* Resources */,
			);
			buildRules = (
			);
			dependencies = (
			);
			name = iUI;
			productName = iUI;
			productReference = BA22B3011C57A98A00F1058E /* iUI.app */;
			productType = "com.apple.product-type.application";
		};
/* End PBXNativeTarget section */

/* Begin PBXProject section */
		BA22B2F91C57A98A00F1058E /* Project object */ = {
			isa = PBXProject;
			attributes = {
				LastSwiftUpdateCheck = 0720;
				LastUpgradeCheck = 0720;
				ORGANIZATIONNAME = "Ricardo Gehrke Filho";
				TargetAttributes = {
					BA22B3001C57A98A00F1058E = {
						CreatedOnToolsVersion = 7.2;
					};
				};
			};
			buildConfigurationList = BA22B2FC1C57A98A00F1058E /* Build configuration list for PBXProject "iUI" */;
			compatibilityVersion = "Xcode 3.2";
			developmentRegion = English;
			hasScannedForEncodings = 0;
			knownRegions = (
				en,
				Base,
			);
			mainGroup = BA22B2F81C57A98A00F1058E;
			productRefGroup = BA22B3021C57A98A00F1058E /* Products */;
			projectDirPath = "";
			projectRoot = "";
			targets = (
				BA22B3001C57A98A00F1058E /* iUI */,
			);
		};
/* End PBXProject section */

/* Begin PBXResourcesBuildPhase section */
		BA22B2FF1C57A98A00F1058E /* Resources */ = {
			isa = PBXResourcesBuildPhase;
			buildActionMask = 2147483647;
			files = (
				BA32A72D1C68FB78002AB4DB /* pessego.jpg in Resources */,
				BA22B30F1C57A98B00F1058E /* LaunchScreen.storyboard in Resources */,
				BA22B31A1C57CA6C00F1058E /* Watermelon.jpg in Resources */,
				BAF003F91C6C973A00D121C8 /* BigAlertView.storyboard in Resources */,
				BA22B3171C57B04000F1058E /* FruitList.storyboard in Resources */,
				BA22B31D1C57D01400F1058E /* Peach.jpg in Resources */,
				BA32A72C1C68FB78002AB4DB /* felicidade.jpg in Resources */,
				BA32A72B1C68FB78002AB4DB /* ipe.jpg in Resources */,
				BA22B30C1C57A98B00F1058E /* Assets.xcassets in Resources */,
				BA22B30A1C57A98B00F1058E /* Main.storyboard in Resources */,
				BA32A72E1C68FB78002AB4DB /* araucaria.jpg in Resources */,
				BA32A7221C68EA99002AB4DB /* TreesCatalog.storyboard in Resources */,
			);
			runOnlyForDeploymentPostprocessing = 0;
		};
/* End PBXResourcesBuildPhase section */

/* Begin PBXSourcesBuildPhase section */
		BA22B2FD1C57A98A00F1058E /* Sources */ = {
			isa = PBXSourcesBuildPhase;
			buildActionMask = 2147483647;
			files = (
				BA22B3231C57D3E500F1058E /* Fruit.swift in Sources */,
				BA22B31F1C57D06900F1058E /* FruitListTableViewController.swift in Sources */,
				BA32A7261C68F4E5002AB4DB /* TreesCatalogContentViewController.swift in Sources */,
				BA22B3211C57D25200F1058E /* FruitTableViewCell.swift in Sources */,
				BA32A7241C68ECB7002AB4DB /* TreesCatalogPageViewController.swift in Sources */,
				BA22B3051C57A98B00F1058E /* AppDelegate.swift in Sources */,
			);
			runOnlyForDeploymentPostprocessing = 0;
		};
/* End PBXSourcesBuildPhase section */

/* Begin PBXVariantGroup section */
		BA22B3081C57A98B00F1058E /* Main.storyboard */ = {
			isa = PBXVariantGroup;
			children = (
				BA22B3091C57A98B00F1058E /* Base */,
			);
			name = Main.storyboard;
			sourceTree = "<group>";
		};
		BA22B30D1C57A98B00F1058E /* LaunchScreen.storyboard */ = {
			isa = PBXVariantGroup;
			children = (
				BA22B30E1C57A98B00F1058E /* Base */,
			);
			name = LaunchScreen.storyboard;
			sourceTree = "<group>";
		};
/* End PBXVariantGroup section */

/* Begin XCBuildConfiguration section */
		BA22B3111C57A98B00F1058E /* Debug */ = {
			isa = XCBuildConfiguration;
			buildSettings = {
				ALWAYS_SEARCH_USER_PATHS = NO;
				CLANG_CXX_LANGUAGE_STANDARD = "gnu++0x";
				CLANG_CXX_LIBRARY = "libc++";
				CLANG_ENABLE_MODULES = YES;
				CLANG_ENABLE_OBJC_ARC = YES;
				CLANG_WARN_BOOL_CONVERSION = YES;
				CLANG_WARN_CONSTANT_CONVERSION = YES;
				CLANG_WARN_DIRECT_OBJC_ISA_USAGE = YES_ERROR;
				CLANG_WARN_EMPTY_BODY = YES;
				CLANG_WARN_ENUM_CONVERSION = YES;
				CLANG_WARN_INT_CONVERSION = YES;
				CLANG_WARN_OBJC_ROOT_CLASS = YES_ERROR;
				CLANG_WARN_UNREACHABLE_CODE = YES;
				CLANG_WARN__DUPLICATE_METHOD_MATCH = YES;
				"CODE_SIGN_IDENTITY[sdk=iphoneos*]" = "iPhone Developer";
				COPY_PHASE_STRIP = NO;
				DEBUG_INFORMATION_FORMAT = dwarf;
				ENABLE_STRICT_OBJC_MSGSEND = YES;
				ENABLE_TESTABILITY = YES;
				GCC_C_LANGUAGE_STANDARD = gnu99;
				GCC_DYNAMIC_NO_PIC = NO;
				GCC_NO_COMMON_BLOCKS = YES;
				GCC_OPTIMIZATION_LEVEL = 0;
				GCC_PREPROCESSOR_DEFINITIONS = (
					"DEBUG=1",
					"$(inherited)",
				);
				GCC_WARN_64_TO_32_BIT_CONVERSION = YES;
				GCC_WARN_ABOUT_RETURN_TYPE = YES_ERROR;
				GCC_WARN_UNDECLARED_SELECTOR = YES;
				GCC_WARN_UNINITIALIZED_AUTOS = YES_AGGRESSIVE;
				GCC_WARN_UNUSED_FUNCTION = YES;
				GCC_WARN_UNUSED_VARIABLE = YES;
				IPHONEOS_DEPLOYMENT_TARGET = 9.2;
				MTL_ENABLE_DEBUG_INFO = YES;
				ONLY_ACTIVE_ARCH = YES;
				SDKROOT = iphoneos;
				SWIFT_OPTIMIZATION_LEVEL = "-Onone";
				TARGETED_DEVICE_FAMILY = "1,2";
			};
			name = Debug;
		};
		BA22B3121C57A98B00F1058E /* Release */ = {
			isa = XCBuildConfiguration;
			buildSettings = {
				ALWAYS_SEARCH_USER_PATHS = NO;
				CLANG_CXX_LANGUAGE_STANDARD = "gnu++0x";
				CLANG_CXX_LIBRARY = "libc++";
				CLANG_ENABLE_MODULES = YES;
				CLANG_ENABLE_OBJC_ARC = YES;
				CLANG_WARN_BOOL_CONVERSION = YES;
				CLANG_WARN_CONSTANT_CONVERSION = YES;
				CLANG_WARN_DIRECT_OBJC_ISA_USAGE = YES_ERROR;
				CLANG_WARN_EMPTY_BODY = YES;
				CLANG_WARN_ENUM_CONVERSION = YES;
				CLANG_WARN_INT_CONVERSION = YES;
				CLANG_WARN_OBJC_ROOT_CLASS = YES_ERROR;
				CLANG_WARN_UNREACHABLE_CODE = YES;
				CLANG_WARN__DUPLICATE_METHOD_MATCH = YES;
				"CODE_SIGN_IDENTITY[sdk=iphoneos*]" = "iPhone Developer";
				COPY_PHASE_STRIP = NO;
				DEBUG_INFORMATION_FORMAT = "dwarf-with-dsym";
				ENABLE_NS_ASSERTIONS = NO;
				ENABLE_STRICT_OBJC_MSGSEND = YES;
				GCC_C_LANGUAGE_STANDARD = gnu99;
				GCC_NO_COMMON_BLOCKS = YES;
				GCC_WARN_64_TO_32_BIT_CONVERSION = YES;
				GCC_WARN_ABOUT_RETURN_TYPE = YES_ERROR;
				GCC_WARN_UNDECLARED_SELECTOR = YES;
				GCC_WARN_UNINITIALIZED_AUTOS = YES_AGGRESSIVE;
				GCC_WARN_UNUSED_FUNCTION = YES;
				GCC_WARN_UNUSED_VARIABLE = YES;
				IPHONEOS_DEPLOYMENT_TARGET = 9.2;
				MTL_ENABLE_DEBUG_INFO = NO;
				SDKROOT = iphoneos;
				TARGETED_DEVICE_FAMILY = "1,2";
				VALIDATE_PRODUCT = YES;
			};
			name = Release;
		};
		BA22B3141C57A98B00F1058E /* Debug */ = {
			isa = XCBuildConfiguration;
			buildSettings = {
				ASSETCATALOG_COMPILER_APPICON_NAME = AppIcon;
				INFOPLIST_FILE = iUI/Info.plist;
				LD_RUNPATH_SEARCH_PATHS = "$(inherited) @executable_path/Frameworks";
				PRODUCT_BUNDLE_IDENTIFIER = com.ricardo0100.iUI;
				PRODUCT_NAME = "$(TARGET_NAME)";
			};
			name = Debug;
		};
		BA22B3151C57A98B00F1058E /* Release */ = {
			isa = XCBuildConfiguration;
			buildSettings = {
				ASSETCATALOG_COMPILER_APPICON_NAME = AppIcon;
				INFOPLIST_FILE = iUI/Info.plist;
				LD_RUNPATH_SEARCH_PATHS = "$(inherited) @executable_path/Frameworks";
				PRODUCT_BUNDLE_IDENTIFIER = com.ricardo0100.iUI;
				PRODUCT_NAME = "$(TARGET_NAME)";
			};
			name = Release;
		};
/* End XCBuildConfiguration section */

/* Begin XCConfigurationList section */
		BA22B2FC1C57A98A00F1058E /* Build configuration list for PBXProject "iUI" */ = {
			isa = XCConfigurationList;
			buildConfigurations = (
				BA22B3111C57A98B00F1058E /* Debug */,
				BA22B3121C57A98B00F1058E /* Release */,
			);
			defaultConfigurationIsVisible = 0;
			defaultConfigurationName = Release;
		};
		BA22B3131C57A98B00F1058E /* Build configuration list for PBXNativeTarget "iUI" */ = {
			isa = XCConfigurationList;
			buildConfigurations = (
				BA22B3141C57A98B00F1058E /* Debug */,
				BA22B3151C57A98B00F1058E /* Release */,
			);
			defaultConfigurationIsVisible = 0;
			defaultConfigurationName = Release;
		};
/* End XCConfigurationList section */
	};
	rootObject = BA22B2F91C57A98A00F1058E /* Project object */;
}
